<?xml version="1.0" encoding="utf-8"?>
<Project ToolsVersion="4.0" xmlns="http://schemas.microsoft.com/developer/msbuild/2003">
  <ItemGroup>
    <Filter Include="Source Files">
      <UniqueIdentifier>{4FC737F1-C7A5-4376-A066-2A32D752A2FF}</UniqueIdentifier>
      <Extensions>cpp;c;cc;cxx;c++;cppm;ixx;def;odl;idl;hpj;bat;asm;asmx</Extensions>
    </Filter>
    <Filter Include="Header Files">
      <UniqueIdentifier>{93995380-89BD-4b04-88EB-625FBE52EBFB}</UniqueIdentifier>
      <Extensions>h;hh;hpp;hxx;h++;hm;inl;inc;ipp;xsd</Extensions>
    </Filter>
    <Filter Include="Resource Files">
      <UniqueIdentifier>{67DA6AB6-F800-4c08-8B7A-83BB121AAD01}</UniqueIdentifier>
      <Extensions>rc;ico;cur;bmp;dlg;rc2;rct;bin;rgs;gif;jpg;jpeg;jpe;resx;tiff;tif;png;wav;mfcribbon-ms</Extensions>
    </Filter>
    <Filter Include="Source Files\Engine">
      <UniqueIdentifier>{8732debc-0d16-42bb-a1b1-15ae0a8cc1e8}</UniqueIdentifier>
    </Filter>
    <Filter Include="Source Files\Window">
      <UniqueIdentifier>{4a00e6d8-720e-44d0-91e9-1962c44501b6}</UniqueIdentifier>
    </Filter>
    <Filter Include="Source Files\Units">
      <UniqueIdentifier>{cf16f6f2-7b7a-4a93-91bd-2d163137be24}</UniqueIdentifier>
    </Filter>
    <Filter Include="Source Files\Utils">
      <UniqueIdentifier>{70784fde-cc98-4c6f-80a7-7de7e6c28b61}</UniqueIdentifier>
    </Filter>
    <Filter Include="Source Files\Utils\Math">
      <UniqueIdentifier>{fe6366ae-2a45-4bf0-a954-1b7582b296fb}</UniqueIdentifier>
    </Filter>
    <Filter Include="Source Files\Render">
      <UniqueIdentifier>{9acdb617-43ce-48c7-b158-0c8271e83613}</UniqueIdentifier>
    </Filter>
    <Filter Include="Source Files\Render\Device">
      <UniqueIdentifier>{24d1557a-bbd3-4439-b058-ecb18ea33830}</UniqueIdentifier>
    </Filter>
    <Filter Include="Source Files\Render\Passes">
      <UniqueIdentifier>{5ce82c29-3e15-4f7c-907a-9d8a754dcc36}</UniqueIdentifier>
    </Filter>
    <Filter Include="Source Files\Render\SubSystems">
      <UniqueIdentifier>{175b7bc7-787f-4b66-9151-4eba0e3d1750}</UniqueIdentifier>
    </Filter>
    <Filter Include="Source Files\Timer">
      <UniqueIdentifier>{f4b9eedc-1134-4e62-bffe-bf9a0a447a53}</UniqueIdentifier>
    </Filter>
    <Filter Include="Source Files\Input">
      <UniqueIdentifier>{7fddf6b0-f893-435b-a056-63ad0ae38472}</UniqueIdentifier>
    </Filter>
    <Filter Include="Source Files\Utils\ScreenGrab">
      <UniqueIdentifier>{201829c0-24ba-4588-9d6e-bf17855d284c}</UniqueIdentifier>
    </Filter>
    <Filter Include="Source Files\Physics">
      <UniqueIdentifier>{aad23dbd-82e1-46d2-add5-52cf87ea54a6}</UniqueIdentifier>
    </Filter>
    <Filter Include="Source Files\Units\Shooter">
      <UniqueIdentifier>{6bf18f29-94f8-49c9-bce9-1e60dada9521}</UniqueIdentifier>
    </Filter>
    <Filter Include="Source Files\CpuGpuShared">
      <UniqueIdentifier>{beb82972-d394-45a9-90bc-222e794d5b00}</UniqueIdentifier>
    </Filter>
    <Filter Include="Source Files\Render\SubSystems\Globals">
      <UniqueIdentifier>{ef86f8a2-7034-4abb-b608-236fef83332b}</UniqueIdentifier>
    </Filter>
    <Filter Include="Source Files\Render\SubSystems\Render Targets">
      <UniqueIdentifier>{593e2866-331e-4802-b887-c58f4b17f45b}</UniqueIdentifier>
    </Filter>
    <Filter Include="Source Files\Render\Passes\imgui">
      <UniqueIdentifier>{c0288b07-0c09-4c49-aa15-3c4ee13febf3}</UniqueIdentifier>
    </Filter>
    <Filter Include="Source Files\Units\Stats">
      <UniqueIdentifier>{a9963c41-ef12-4674-84ac-d994e40b6909}</UniqueIdentifier>
    </Filter>
    <Filter Include="Source Files\Render\SubSystems\Transforms">
      <UniqueIdentifier>{cc8e6526-18b2-4f3e-bc10-e621e765ffb8}</UniqueIdentifier>
    </Filter>
    <Filter Include="Source Files\Render\Passes\albedo">
      <UniqueIdentifier>{48803390-344d-4014-8e89-10785a0309b1}</UniqueIdentifier>
    </Filter>
    <Filter Include="Source Files\Render\SubSystems\Geometry">
      <UniqueIdentifier>{7540b5cb-95a7-412e-9732-16c4621154ae}</UniqueIdentifier>
    </Filter>
    <Filter Include="Source Files\Render\SubSystems\Draw Commands">
      <UniqueIdentifier>{0011cb31-4716-474d-848f-671e5967f663}</UniqueIdentifier>
    </Filter>
    <Filter Include="Source Files\Render\SubSystems\Materials">
      <UniqueIdentifier>{1ad761e6-379c-4501-b078-71d566dee7e9}</UniqueIdentifier>
    </Filter>
    <Filter Include="Source Files\Models">
      <UniqueIdentifier>{513683ad-a9d3-4b1f-a39d-8e5a24480926}</UniqueIdentifier>
    </Filter>
    <Filter Include="Source Files\Render\SubSystems\Textures">
      <UniqueIdentifier>{37c021bf-5119-4e69-88ea-8fdb795fb7e0}</UniqueIdentifier>
    </Filter>
    <Filter Include="Source Files\Models\Import">
      <UniqueIdentifier>{8ae1c9b3-d1ce-456d-926e-8f87de9078f9}</UniqueIdentifier>
    </Filter>
    <Filter Include="Source Files\Render\Passes\visibility">
      <UniqueIdentifier>{0ed38c94-1c60-4019-b016-616e79c7ae3d}</UniqueIdentifier>
    </Filter>
    <Filter Include="Source Files\Units\Examples">
      <UniqueIdentifier>{866e3e68-3e49-4228-b997-157d0c067788}</UniqueIdentifier>
    </Filter>
    <Filter Include="Source Files\Render\Passes\debug">
      <UniqueIdentifier>{9a168c7e-1d31-445b-bc56-9e071a534bc4}</UniqueIdentifier>
    </Filter>
    <Filter Include="Source Files\Render\SubSystems\Lights">
      <UniqueIdentifier>{8c691fe3-1ed3-4d40-96ad-daa7a49f05d2}</UniqueIdentifier>
    </Filter>
    <Filter Include="Source Files\Render\Passes\skybox">
      <UniqueIdentifier>{5e16af33-a6df-4156-bab3-c99bb0b1f2f9}</UniqueIdentifier>
    </Filter>
    <Filter Include="Source Files\Units\Enviroments">
      <UniqueIdentifier>{03c09817-0a39-424a-b768-4d2a7a66f3ae}</UniqueIdentifier>
    </Filter>
    <Filter Include="Source Files\Render\Passes\tonemap">
      <UniqueIdentifier>{70fc2ed9-1a03-433a-aff1-d0ab7006f701}</UniqueIdentifier>
    </Filter>
    <Filter Include="Source Files\Render\Passes\luminance">
      <UniqueIdentifier>{175c999d-d5d6-4aee-a8b0-30e2e06298de}</UniqueIdentifier>
    </Filter>
    <Filter Include="Source Files\Render\SubSystems\Luminance">
      <UniqueIdentifier>{b55ccee2-752d-41c3-9d4d-81fe17be3457}</UniqueIdentifier>
    </Filter>
    <Filter Include="Source Files\Render\SubSystems\Enviroment">
      <UniqueIdentifier>{73066285-5020-4e44-849d-0e593812237c}</UniqueIdentifier>
    </Filter>
  </ItemGroup>
  <ItemGroup>
    <ClCompile Include="source\main.cpp">
      <Filter>Source Files</Filter>
    </ClCompile>
    <ClCompile Include="source\p_header.cpp">
      <Filter>Source Files</Filter>
    </ClCompile>
    <ClCompile Include="source\window\win.cpp">
      <Filter>Source Files\Window</Filter>
    </ClCompile>
    <ClCompile Include="source\window\win_msg.cpp">
      <Filter>Source Files\Window</Filter>
    </ClCompile>
    <ClCompile Include="source\engine\eng.cpp">
      <Filter>Source Files\Engine</Filter>
    </ClCompile>
    <ClCompile Include="source\render\render.cpp">
      <Filter>Source Files\Render</Filter>
    </ClCompile>
    <ClCompile Include="source\render\device\device.cpp">
      <Filter>Source Files\Render\Device</Filter>
    </ClCompile>
    <ClCompile Include="source\render\device\command_queue.cpp">
      <Filter>Source Files\Render\Device</Filter>
    </ClCompile>
    <ClCompile Include="source\utils\D3D12MemAlloc.cpp">
      <Filter>Source Files\Utils</Filter>
    </ClCompile>
    <ClCompile Include="source\utils\read_file.cpp">
      <Filter>Source Files\Utils</Filter>
    </ClCompile>
    <ClCompile Include="source\render\device\d3dinclude.cpp">
      <Filter>Source Files\Render\Device</Filter>
    </ClCompile>
    <ClCompile Include="source\units\unit_control.cpp">
      <Filter>Source Files\Units</Filter>
    </ClCompile>
    <ClCompile Include="source\units\unit_bread.cpp">
      <Filter>Source Files\Units</Filter>
    </ClCompile>
    <ClCompile Include="source\render\device\device_time_query.cpp">
      <Filter>Source Files\Render\Device</Filter>
    </ClCompile>
    <ClCompile Include="source\utils\stb_image.cpp">
      <Filter>Source Files\Utils</Filter>
    </ClCompile>
    <ClCompile Include="source\units\unit_stats.cpp">
      <Filter>Source Files\Units</Filter>
    </ClCompile>
    <ClCompile Include="source\units\unit_city.cpp">
      <Filter>Source Files\Units</Filter>
    </ClCompile>
    <ClCompile Include="source\units\unit_pbr_spheres.cpp">
      <Filter>Source Files\Units</Filter>
    </ClCompile>
    <ClCompile Include="source\units\unit_bathroom.cpp">
      <Filter>Source Files\Units</Filter>
    </ClCompile>
    <ClCompile Include="source\input\input.cpp">
      <Filter>Source Files\Input</Filter>
    </ClCompile>
    <ClCompile Include="source\units\unit_chief.cpp">
      <Filter>Source Files\Units</Filter>
    </ClCompile>
    <ClCompile Include="source\units\unit_specialist.cpp">
      <Filter>Source Files\Units</Filter>
    </ClCompile>
    <ClCompile Include="source\utils\ScreenGrab12.cpp">
      <Filter>Source Files\Utils\ScreenGrab</Filter>
    </ClCompile>
    <ClCompile Include="source\units\unit_cubemap_capture.cpp">
      <Filter>Source Files\Units</Filter>
    </ClCompile>
    <ClCompile Include="source\physics\physics.cpp">
      <Filter>Source Files\Physics</Filter>
    </ClCompile>
    <ClCompile Include="source\physics\physics_object.cpp">
      <Filter>Source Files\Physics</Filter>
    </ClCompile>
    <ClCompile Include="source\units\unit_physic_spheres.cpp">
      <Filter>Source Files\Units</Filter>
    </ClCompile>
    <ClCompile Include="source\render\subsystems\globals_subsystem.cpp">
      <Filter>Source Files\Render\SubSystems\Globals</Filter>
    </ClCompile>
    <ClCompile Include="source\render\subsystems\render_target_subsystem.cpp">
      <Filter>Source Files\Render\SubSystems\Render Targets</Filter>
    </ClCompile>
    <ClCompile Include="source\render\passes\imgui_pass.cpp">
      <Filter>Source Files\Render\Passes\imgui</Filter>
    </ClCompile>
    <ClCompile Include="source\render\subsystems\node_transforms_subsystem.cpp">
      <Filter>Source Files\Render\SubSystems\Transforms</Filter>
    </ClCompile>
    <ClCompile Include="source\render\subsystems\draw_commands_subsystem.cpp">
      <Filter>Source Files\Render\SubSystems\Draw Commands</Filter>
    </ClCompile>
    <ClCompile Include="source\render\subsystems\geometry_subsystem.cpp">
      <Filter>Source Files\Render\SubSystems\Geometry</Filter>
    </ClCompile>
    <ClCompile Include="source\render\passes\albedo_pass.cpp">
      <Filter>Source Files\Render\Passes\albedo</Filter>
    </ClCompile>
    <ClCompile Include="source\models\models_manager.cpp">
      <Filter>Source Files\Models</Filter>
    </ClCompile>
    <ClCompile Include="source\render\subsystems\texture_subsystem.cpp">
      <Filter>Source Files\Render\SubSystems\Textures</Filter>
    </ClCompile>
    <ClCompile Include="source\models\mesh_import_assimp.cpp">
      <Filter>Source Files\Models\Import</Filter>
    </ClCompile>
    <ClCompile Include="source\render\passes\visibility_frustum_pass.cpp">
      <Filter>Source Files\Render\Passes\visibility</Filter>
    </ClCompile>
    <ClCompile Include="source\render\passes\visibility_hier_depth_pass.cpp">
      <Filter>Source Files\Render\Passes\visibility</Filter>
    </ClCompile>
    <ClCompile Include="source\render\passes\visibility_occlusion_pass.cpp">
      <Filter>Source Files\Render\Passes\visibility</Filter>
    </ClCompile>
    <ClCompile Include="source\units\examples\unit_triangle.cpp">
      <Filter>Source Files\Units\Examples</Filter>
    </ClCompile>
    <ClCompile Include="source\render\passes\debug_aabb_pass.cpp">
      <Filter>Source Files\Render\Passes\debug</Filter>
    </ClCompile>
    <ClCompile Include="source\render\subsystems\cube_texture_subsystem.cpp">
      <Filter>Source Files\Render\SubSystems\Textures</Filter>
    </ClCompile>
    <ClCompile Include="source\render\passes\skybox_pass.cpp">
      <Filter>Source Files\Render\Passes\skybox</Filter>
    </ClCompile>
    <ClCompile Include="source\render\passes\tonemap_pass.cpp">
      <Filter>Source Files\Render\Passes\tonemap</Filter>
    </ClCompile>
    <ClCompile Include="source\render\passes\luminance_pass.cpp">
      <Filter>Source Files\Render\Passes\luminance</Filter>
    </ClCompile>
    <ClCompile Include="source\render\subsystems\luminance_subsystem.cpp">
      <Filter>Source Files\Render\SubSystems\Luminance</Filter>
    </ClCompile>
    <ClCompile Include="source\render\subsystems\enviroment_subsystem.cpp">
      <Filter>Source Files\Render\SubSystems\Enviroment</Filter>
    </ClCompile>
  </ItemGroup>
  <ItemGroup>
    <ClInclude Include="source\p_header.h">
      <Filter>Source Files</Filter>
    </ClInclude>
    <ClInclude Include="source\window\win.h">
      <Filter>Source Files\Window</Filter>
    </ClInclude>
    <ClInclude Include="source\def.h">
      <Filter>Source Files</Filter>
    </ClInclude>
    <ClInclude Include="source\engine\eng.h">
      <Filter>Source Files\Engine</Filter>
    </ClInclude>
    <ClInclude Include="source\units\unit_base.h">
      <Filter>Source Files\Units</Filter>
    </ClInclude>
    <ClInclude Include="source\utils\utils.h">
      <Filter>Source Files\Utils</Filter>
    </ClInclude>
    <ClInclude Include="source\utils\ring_buffer.h">
      <Filter>Source Files\Utils</Filter>
    </ClInclude>
    <ClInclude Include="source\utils\math\mth.h">
      <Filter>Source Files\Utils\Math</Filter>
    </ClInclude>
    <ClInclude Include="source\utils\math\mth_def.h">
      <Filter>Source Files\Utils\Math</Filter>
    </ClInclude>
    <ClInclude Include="source\utils\math\mth_matr.h">
      <Filter>Source Files\Utils\Math</Filter>
    </ClInclude>
    <ClInclude Include="source\utils\math\mth_operators.h">
      <Filter>Source Files\Utils\Math</Filter>
    </ClInclude>
    <ClInclude Include="source\utils\math\mth_quat.h">
      <Filter>Source Files\Utils\Math</Filter>
    </ClInclude>
    <ClInclude Include="source\utils\math\mth_vec.h">
      <Filter>Source Files\Utils\Math</Filter>
    </ClInclude>
    <ClInclude Include="source\render\device\device.h">
      <Filter>Source Files\Render\Device</Filter>
    </ClInclude>
    <ClInclude Include="source\render\device\command_queue.h">
      <Filter>Source Files\Render\Device</Filter>
    </ClInclude>
    <ClInclude Include="source\render\device\gpu_ring_buffer.h">
      <Filter>Source Files\Render\Device</Filter>
    </ClInclude>
    <ClInclude Include="source\utils\read_file.h">
      <Filter>Source Files\Utils</Filter>
    </ClInclude>
    <ClInclude Include="source\render\device\d3dinclude.h">
      <Filter>Source Files\Render\Device</Filter>
    </ClInclude>
    <ClInclude Include="source\utils\math\mth_cam.h">
      <Filter>Source Files\Utils\Math</Filter>
    </ClInclude>
    <ClInclude Include="source\units\unit_control.h">
      <Filter>Source Files\Units</Filter>
    </ClInclude>
    <ClInclude Include="source\units\unit_bread.h">
      <Filter>Source Files\Units</Filter>
    </ClInclude>
    <ClInclude Include="source\render\render.h">
      <Filter>Source Files\Render</Filter>
    </ClInclude>
    <ClInclude Include="source\render\device\device_time_query.h">
      <Filter>Source Files\Render\Device</Filter>
    </ClInclude>
    <ClInclude Include="source\timer\timer.h">
      <Filter>Source Files\Timer</Filter>
    </ClInclude>
    <ClInclude Include="source\input\input.h">
      <Filter>Source Files\Input</Filter>
    </ClInclude>
    <ClInclude Include="source\units\unit_stats.h">
      <Filter>Source Files\Units</Filter>
    </ClInclude>
    <ClInclude Include="source\units\unit_city.h">
      <Filter>Source Files\Units</Filter>
    </ClInclude>
    <ClInclude Include="source\units\unit_pbr_spheres.h">
      <Filter>Source Files\Units</Filter>
    </ClInclude>
    <ClInclude Include="source\units\unit_bathroom.h">
      <Filter>Source Files\Units</Filter>
    </ClInclude>
    <ClInclude Include="source\units\unit_chief.h">
      <Filter>Source Files\Units</Filter>
    </ClInclude>
    <ClInclude Include="source\units\unit_specialist.h">
      <Filter>Source Files\Units</Filter>
    </ClInclude>
    <ClInclude Include="source\utils\ScreenGrab12.h">
      <Filter>Source Files\Utils\ScreenGrab</Filter>
    </ClInclude>
    <ClInclude Include="source\units\unit_cubemap_capture.h">
      <Filter>Source Files\Units</Filter>
    </ClInclude>
    <ClInclude Include="source\physics\physics.h">
      <Filter>Source Files\Physics</Filter>
    </ClInclude>
    <ClInclude Include="source\units\unit_physic_spheres.h">
      <Filter>Source Files\Units</Filter>
    </ClInclude>
    <ClInclude Include="source\units\shooter\unit_shooter_first_person.h">
      <Filter>Source Files\Units\Shooter</Filter>
    </ClInclude>
    <ClInclude Include="source\units\shooter\unit_shooter_enviroment.h">
      <Filter>Source Files\Units\Shooter</Filter>
    </ClInclude>
    <ClInclude Include="source\units\shooter\unit_shooter_enemy.h">
      <Filter>Source Files\Units\Shooter</Filter>
    </ClInclude>
    <ClInclude Include="source\units\shooter\unit_shooter_enemy_spawner.h">
      <Filter>Source Files\Units\Shooter</Filter>
    </ClInclude>
    <ClInclude Include="source\units\shooter\unit_shooter_gun.h">
      <Filter>Source Files\Units\Shooter</Filter>
    </ClInclude>
    <ClInclude Include="source\units\unit_pit.h">
      <Filter>Source Files\Units</Filter>
    </ClInclude>
    <ClInclude Include="source\render\passes\base_pass.h">
      <Filter>Source Files\Render\Passes</Filter>
    </ClInclude>
    <ClInclude Include="bin\shaders\shared\cpu_gpu_shared.h">
      <Filter>Source Files\CpuGpuShared</Filter>
    </ClInclude>
    <ClInclude Include="bin\shaders\shared\indirect_structures.h">
      <Filter>Source Files\CpuGpuShared</Filter>
    </ClInclude>
    <ClInclude Include="source\render\subsystems\globals_subsystem.h">
      <Filter>Source Files\Render\SubSystems\Globals</Filter>
    </ClInclude>
    <ClInclude Include="source\render\subsystems\render_target_subsystem.h">
      <Filter>Source Files\Render\SubSystems\Render Targets</Filter>
    </ClInclude>
    <ClInclude Include="source\render\passes\imgui_pass.h">
      <Filter>Source Files\Render\Passes\imgui</Filter>
    </ClInclude>
    <ClInclude Include="source\units\stats\unit_frame_times.h">
      <Filter>Source Files\Units\Stats</Filter>
    </ClInclude>
    <ClInclude Include="source\render\subsystems\object_transforms_subsystem.h">
      <Filter>Source Files\Render\SubSystems\Transforms</Filter>
    </ClInclude>
    <ClInclude Include="source\render\subsystems\node_transforms_subsystem.h">
      <Filter>Source Files\Render\SubSystems\Transforms</Filter>
    </ClInclude>
    <ClInclude Include="source\render\subsystems\draw_commands_subsystem.h">
      <Filter>Source Files\Render\SubSystems\Draw Commands</Filter>
    </ClInclude>
    <ClInclude Include="source\render\subsystems\geometry_subsystem.h">
      <Filter>Source Files\Render\SubSystems\Geometry</Filter>
    </ClInclude>
    <ClInclude Include="bin\shaders\shared\vertex_process.h">
      <Filter>Source Files\CpuGpuShared</Filter>
    </ClInclude>
    <ClInclude Include="bin\shaders\shared\lighting_functions.h">
      <Filter>Source Files\CpuGpuShared</Filter>
    </ClInclude>
    <ClInclude Include="bin\shaders\shared\normal_matrix.h">
      <Filter>Source Files\CpuGpuShared</Filter>
    </ClInclude>
    <ClInclude Include="source\render\passes\albedo_pass.h">
      <Filter>Source Files\Render\Passes\albedo</Filter>
    </ClInclude>
    <ClInclude Include="source\render\subsystems\materials_subsystem.h">
      <Filter>Source Files\Render\SubSystems\Materials</Filter>
    </ClInclude>
    <ClInclude Include="source\models\models_manager.h">
      <Filter>Source Files\Models</Filter>
    </ClInclude>
    <ClInclude Include="source\models\render_mesh.h">
      <Filter>Source Files\Models</Filter>
    </ClInclude>
    <ClInclude Include="source\render\subsystems\texture_subsystem.h">
      <Filter>Source Files\Render\SubSystems\Textures</Filter>
    </ClInclude>
    <ClInclude Include="source\units\stats\unit_resource_viewier.h">
      <Filter>Source Files\Units\Stats</Filter>
    </ClInclude>
    <ClInclude Include="source\models\mesh_import_data.h">
      <Filter>Source Files\Models\Import</Filter>
    </ClInclude>
    <ClInclude Include="source\render\passes\visibility_frustum_pass.h">
      <Filter>Source Files\Render\Passes\visibility</Filter>
    </ClInclude>
    <ClInclude Include="source\render\passes\visibility_hier_depth_pass.h">
      <Filter>Source Files\Render\Passes\visibility</Filter>
    </ClInclude>
    <ClInclude Include="source\render\passes\visibility_occlusion_pass.h">
      <Filter>Source Files\Render\Passes\visibility</Filter>
    </ClInclude>
    <ClInclude Include="source\units\examples\unit_model_loading.h">
      <Filter>Source Files\Units\Examples</Filter>
    </ClInclude>
    <ClInclude Include="source\units\examples\unit_triangle.h">
      <Filter>Source Files\Units\Examples</Filter>
    </ClInclude>
    <ClInclude Include="source\units\stats\unit_render_params.h">
      <Filter>Source Files\Units\Stats</Filter>
    </ClInclude>
    <ClInclude Include="source\units\examples\unit_frustum_cull.h">
      <Filter>Source Files\Units\Examples</Filter>
    </ClInclude>
    <ClInclude Include="source\units\examples\unit_occlusion_cull.h">
      <Filter>Source Files\Units\Examples</Filter>
    </ClInclude>
    <ClInclude Include="source\render\passes\debug_aabb_pass.h">
      <Filter>Source Files\Render\Passes\debug</Filter>
    </ClInclude>
    <ClInclude Include="source\utils\resource_pool_subsystem.h">
      <Filter>Source Files\Utils</Filter>
    </ClInclude>
    <ClInclude Include="source\utils\resource_pool_subsystem.hpp">
      <Filter>Source Files\Utils</Filter>
    </ClInclude>
    <ClInclude Include="source\utils\resource_pool_subsystem_no_gpu.hpp">
      <Filter>Source Files\Utils</Filter>
    </ClInclude>
    <ClInclude Include="source\units\examples\unit_runtime_add_remove.h">
      <Filter>Source Files\Units\Examples</Filter>
    </ClInclude>
    <ClInclude Include="source\render\subsystems\lights_subsystem.h">
      <Filter>Source Files\Render\SubSystems\Lights</Filter>
    </ClInclude>
    <ClInclude Include="source\units\examples\unit_light_example.h">
      <Filter>Source Files\Units\Examples</Filter>
    </ClInclude>
    <ClInclude Include="source\render\subsystems\cube_texture_subsystem.h">
      <Filter>Source Files\Render\SubSystems\Textures</Filter>
    </ClInclude>
    <ClInclude Include="source\units\enviroment\unit_yokohama.h">
      <Filter>Source Files\Units\Enviroments</Filter>
    </ClInclude>
    <ClInclude Include="source\render\passes\skybox_pass.h">
      <Filter>Source Files\Render\Passes\skybox</Filter>
    </ClInclude>
    <ClInclude Include="source\render\passes\tonemap_pass.h">
      <Filter>Source Files\Render\Passes\tonemap</Filter>
    </ClInclude>
    <ClInclude Include="source\render\passes\luminance_pass.h">
      <Filter>Source Files\Render\Passes\luminance</Filter>
    </ClInclude>
    <ClInclude Include="source\render\subsystems\luminance_subsystem.h">
      <Filter>Source Files\Render\SubSystems\Luminance</Filter>
    </ClInclude>
    <ClInclude Include="source\units\enviroment\unit_alex_apt.h">
      <Filter>Source Files\Units\Enviroments</Filter>
    </ClInclude>
    <ClInclude Include="source\units\examples\unit_pbr_metalness.h">
      <Filter>Source Files\Units\Examples</Filter>
    </ClInclude>
    <ClInclude Include="source\render\subsystems\enviroment_subsystem.h">
      <Filter>Source Files\Render\SubSystems\Enviroment</Filter>
    </ClInclude>
    <ClInclude Include="source\units\examples\unit_pbr_specular.h">
      <Filter>Source Files\Units\Examples</Filter>
    </ClInclude>
  </ItemGroup>
</Project>